
Microsoft Visual Studio Solution File, Format Version 12.00
# Visual Studio Version 16
VisualStudioVersion = 16.0.29920.165
MinimumVisualStudioVersion = 15.0.26124.0
Project("{9A19103F-16F7-4668-BE54-9A1E7A4F7556}") = "Host", "Host\Host.csproj", "{34509BD0-4C19-4E9B-B170-6CB9AE5A4529}"
EndProject
Project("{9A19103F-16F7-4668-BE54-9A1E7A4F7556}") = "Logic", "Logic\Logic.csproj", "{7D76FD2D-0839-4F6C-BD19-3C63DD971399}"
EndProject
Project("{9A19103F-16F7-4668-BE54-9A1E7A4F7556}") = "Seges.TeamX.AspNetCore.Swagger", "Seges.TeamX.AspNetCore.Swagger\Seges.TeamX.AspNetCore.Swagger.csproj", "{CA34F8E5-C8D4-47AB-A272-15E079D74851}"
EndProject
Project("{9A19103F-16F7-4668-BE54-9A1E7A4F7556}") = "Tests", "Tests\Tests.csproj", "{5591D39F-0EF6-4D94-8F89-49EE539D0373}"
EndProject
Project("{2150E333-8FDC-42A3-9474-1A3956D46DE8}") = "Test", "Test", "{9E8CBA53-F6B4-4040-A23D-FDF689918333}"
EndProject
Project("{2150E333-8FDC-42A3-9474-1A3956D46DE8}") = "Infrastructure", "Infrastructure", "{163594C7-99FA-47D7-970F-6DE48701525C}"
EndProject
Project("{9A19103F-16F7-4668-BE54-9A1E7A4F7556}") = "Contract", "Contract\Contract.csproj", "{F67DB2D6-586A-4E98-BE74-788C845C9747}"
EndProject
Global
	GlobalSection(SolutionConfigurationPlatforms) = preSolution
		Debug|Any CPU = Debug|Any CPU
		Debug|x64 = Debug|x64
		Debug|x86 = Debug|x86
		Release|Any CPU = Release|Any CPU
		Release|x64 = Release|x64
		Release|x86 = Release|x86
	EndGlobalSection
	GlobalSection(ProjectConfigurationPlatforms) = postSolution
		{34509BD0-4C19-4E9B-B170-6CB9AE5A4529}.Debug|Any CPU.ActiveCfg = Debug|Any CPU
		{34509BD0-4C19-4E9B-B170-6CB9AE5A4529}.Debug|Any CPU.Build.0 = Debug|Any CPU
		{34509BD0-4C19-4E9B-B170-6CB9AE5A4529}.Debug|x64.ActiveCfg = Debug|Any CPU
		{34509BD0-4C19-4E9B-B170-6CB9AE5A4529}.Debug|x64.Build.0 = Debug|Any CPU
		{34509BD0-4C19-4E9B-B170-6CB9AE5A4529}.Debug|x86.ActiveCfg = Debug|Any CPU
		{34509BD0-4C19-4E9B-B170-6CB9AE5A4529}.Debug|x86.Build.0 = Debug|Any CPU
		{34509BD0-4C19-4E9B-B170-6CB9AE5A4529}.Release|Any CPU.ActiveCfg = Release|Any CPU
		{34509BD0-4C19-4E9B-B170-6CB9AE5A4529}.Release|Any CPU.Build.0 = Release|Any CPU
		{34509BD0-4C19-4E9B-B170-6CB9AE5A4529}.Release|x64.ActiveCfg = Release|Any CPU
		{34509BD0-4C19-4E9B-B170-6CB9AE5A4529}.Release|x64.Build.0 = Release|Any CPU
		{34509BD0-4C19-4E9B-B170-6CB9AE5A4529}.Release|x86.ActiveCfg = Release|Any CPU
		{34509BD0-4C19-4E9B-B170-6CB9AE5A4529}.Release|x86.Build.0 = Release|Any CPU
		{7D76FD2D-0839-4F6C-BD19-3C63DD971399}.Debug|Any CPU.ActiveCfg = Debug|Any CPU
		{7D76FD2D-0839-4F6C-BD19-3C63DD971399}.Debug|Any CPU.Build.0 = Debug|Any CPU
		{7D76FD2D-0839-4F6C-BD19-3C63DD971399}.Debug|x64.ActiveCfg = Debug|Any CPU
		{7D76FD2D-0839-4F6C-BD19-3C63DD971399}.Debug|x64.Build.0 = Debug|Any CPU
		{7D76FD2D-0839-4F6C-BD19-3C63DD971399}.Debug|x86.ActiveCfg = Debug|Any CPU
		{7D76FD2D-0839-4F6C-BD19-3C63DD971399}.Debug|x86.Build.0 = Debug|Any CPU
		{7D76FD2D-0839-4F6C-BD19-3C63DD971399}.Release|Any CPU.ActiveCfg = Release|Any CPU
		{7D76FD2D-0839-4F6C-BD19-3C63DD971399}.Release|Any CPU.Build.0 = Release|Any CPU
		{7D76FD2D-0839-4F6C-BD19-3C63DD971399}.Release|x64.ActiveCfg = Release|Any CPU
		{7D76FD2D-0839-4F6C-BD19-3C63DD971399}.Release|x64.Build.0 = Release|Any CPU
		{7D76FD2D-0839-4F6C-BD19-3C63DD971399}.Release|x86.ActiveCfg = Release|Any CPU
		{7D76FD2D-0839-4F6C-BD19-3C63DD971399}.Release|x86.Build.0 = Release|Any CPU
		{CA34F8E5-C8D4-47AB-A272-15E079D74851}.Debug|Any CPU.ActiveCfg = Debug|Any CPU
		{CA34F8E5-C8D4-47AB-A272-15E079D74851}.Debug|Any CPU.Build.0 = Debug|Any CPU
		{CA34F8E5-C8D4-47AB-A272-15E079D74851}.Debug|x64.ActiveCfg = Debug|Any CPU
		{CA34F8E5-C8D4-47AB-A272-15E079D74851}.Debug|x64.Build.0 = Debug|Any CPU
		{CA34F8E5-C8D4-47AB-A272-15E079D74851}.Debug|x86.ActiveCfg = Debug|Any CPU
		{CA34F8E5-C8D4-47AB-A272-15E079D74851}.Debug|x86.Build.0 = Debug|Any CPU
		{CA34F8E5-C8D4-47AB-A272-15E079D74851}.Release|Any CPU.ActiveCfg = Release|Any CPU
		{CA34F8E5-C8D4-47AB-A272-15E079D74851}.Release|Any CPU.Build.0 = Release|Any CPU
		{CA34F8E5-C8D4-47AB-A272-15E079D74851}.Release|x64.ActiveCfg = Release|Any CPU
		{CA34F8E5-C8D4-47AB-A272-15E079D74851}.Release|x64.Build.0 = Release|Any CPU
		{CA34F8E5-C8D4-47AB-A272-15E079D74851}.Release|x86.ActiveCfg = Release|Any CPU
		{CA34F8E5-C8D4-47AB-A272-15E079D74851}.Release|x86.Build.0 = Release|Any CPU
		{5591D39F-0EF6-4D94-8F89-49EE539D0373}.Debug|Any CPU.ActiveCfg = Debug|Any CPU
		{5591D39F-0EF6-4D94-8F89-49EE539D0373}.Debug|Any CPU.Build.0 = Debug|Any CPU
		{5591D39F-0EF6-4D94-8F89-49EE539D0373}.Debug|x64.ActiveCfg = Debug|Any CPU
		{5591D39F-0EF6-4D94-8F89-49EE539D0373}.Debug|x64.Build.0 = Debug|Any CPU
		{5591D39F-0EF6-4D94-8F89-49EE539D0373}.Debug|x86.ActiveCfg = Debug|Any CPU
		{5591D39F-0EF6-4D94-8F89-49EE539D0373}.Debug|x86.Build.0 = Debug|Any CPU
		{5591D39F-0EF6-4D94-8F89-49EE539D0373}.Release|Any CPU.ActiveCfg = Release|Any CPU
		{5591D39F-0EF6-4D94-8F89-49EE539D0373}.Release|Any CPU.Build.0 = Release|Any CPU
		{5591D39F-0EF6-4D94-8F89-49EE539D0373}.Release|x64.ActiveCfg = Release|Any CPU
		{5591D39F-0EF6-4D94-8F89-49EE539D0373}.Release|x64.Build.0 = Release|Any CPU
		{5591D39F-0EF6-4D94-8F89-49EE539D0373}.Release|x86.ActiveCfg = Release|Any CPU
		{5591D39F-0EF6-4D94-8F89-49EE539D0373}.Release|x86.Build.0 = Release|Any CPU
		{F67DB2D6-586A-4E98-BE74-788C845C9747}.Debug|Any CPU.ActiveCfg = Debug|Any CPU
		{F67DB2D6-586A-4E98-BE74-788C845C9747}.Debug|Any CPU.Build.0 = Debug|Any CPU
		{F67DB2D6-586A-4E98-BE74-788C845C9747}.Debug|x64.ActiveCfg = Debug|Any CPU
		{F67DB2D6-586A-4E98-BE74-788C845C9747}.Debug|x64.Build.0 = Debug|Any CPU
		{F67DB2D6-586A-4E98-BE74-788C845C9747}.Debug|x86.ActiveCfg = Debug|Any CPU
		{F67DB2D6-586A-4E98-BE74-788C845C9747}.Debug|x86.Build.0 = Debug|Any CPU
		{F67DB2D6-586A-4E98-BE74-788C845C9747}.Release|Any CPU.ActiveCfg = Release|Any CPU
		{F67DB2D6-586A-4E98-BE74-788C845C9747}.Release|Any CPU.Build.0 = Release|Any CPU
		{F67DB2D6-586A-4E98-BE74-788C845C9747}.Release|x64.ActiveCfg = Release|Any CPU
		{F67DB2D6-586A-4E98-BE74-788C845C9747}.Release|x64.Build.0 = Release|Any CPU
		{F67DB2D6-586A-4E98-BE74-788C845C9747}.Release|x86.ActiveCfg = Release|Any CPU
		{F67DB2D6-586A-4E98-BE74-788C845C9747}.Release|x86.Build.0 = Release|Any CPU
	EndGlobalSection
	GlobalSection(SolutionProperties) = preSolution
		HideSolutionNode = FALSE
	EndGlobalSection
	GlobalSection(NestedProjects) = preSolution
		{CA34F8E5-C8D4-47AB-A272-15E079D74851} = {163594C7-99FA-47D7-970F-6DE48701525C}
		{5591D39F-0EF6-4D94-8F89-49EE539D0373} = {9E8CBA53-F6B4-4040-A23D-FDF689918333}
		{F67DB2D6-586A-4E98-BE74-788C845C9747} = {9E8CBA53-F6B4-4040-A23D-FDF689918333}
	EndGlobalSection
	GlobalSection(ExtensibilityGlobals) = postSolution
		SolutionGuid = {DE7850E1-7236-496D-9204-4D62BA42E2AC}
	EndGlobalSection
EndGlobal
